// !$*UTF8*$!
{
	archiveVersion = 1;
	classes = {
	};
	objectVersion = 50;
	objects = {

/* Begin PBXBuildFile section */
		8D062F6224EE5A2D000AE9A4 /* CategoryCell.swift in Sources */ = {isa = PBXBuildFile; fileRef = 8D062F6124EE5A2D000AE9A4 /* CategoryCell.swift */; };
		8D062F6424EE614A000AE9A4 /* RecipeVC.swift in Sources */ = {isa = PBXBuildFile; fileRef = 8D062F6324EE614A000AE9A4 /* RecipeVC.swift */; };
		8D87CDBA24EEC71E00CEBE75 /* RecipeDVC.swift in Sources */ = {isa = PBXBuildFile; fileRef = 8D87CDB924EEC71E00CEBE75 /* RecipeDVC.swift */; };
		8DBA3EE324ED16F000AEF7CB /* AppDelegate.swift in Sources */ = {isa = PBXBuildFile; fileRef = 8DBA3EE224ED16F000AEF7CB /* AppDelegate.swift */; };
		8DBA3EE824ED16F000AEF7CB /* Main.storyboard in Resources */ = {isa = PBXBuildFile; fileRef = 8DBA3EE624ED16F000AEF7CB /* Main.storyboard */; };
		8DBA3EED24ED16F300AEF7CB /* LaunchScreen.storyboard in Resources */ = {isa = PBXBuildFile; fileRef = 8DBA3EEB24ED16F300AEF7CB /* LaunchScreen.storyboard */; };
		8DBA3F4024ED182000AEF7CB /* FoodCategory.swift in Sources */ = {isa = PBXBuildFile; fileRef = 8DBA3F3F24ED182000AEF7CB /* FoodCategory.swift */; };
		8DBA3F4224ED188200AEF7CB /* Recipe.swift in Sources */ = {isa = PBXBuildFile; fileRef = 8DBA3F4124ED188200AEF7CB /* Recipe.swift */; };
		8DBA3F4424ED192000AEF7CB /* DataSet.swift in Sources */ = {isa = PBXBuildFile; fileRef = 8DBA3F4324ED192000AEF7CB /* DataSet.swift */; };
		8DBA3F4824ED1E5700AEF7CB /* Assets.xcassets in Resources */ = {isa = PBXBuildFile; fileRef = 8DBA3F4724ED1E5700AEF7CB /* Assets.xcassets */; };
		8DBAAE0624EE72D900A3F8DA /* HmVC.swift in Sources */ = {isa = PBXBuildFile; fileRef = 8DBAAE0524EE72D900A3F8DA /* HmVC.swift */; };
		8DBAAE0824EE763A00A3F8DA /* RecipeCell.swift in Sources */ = {isa = PBXBuildFile; fileRef = 8DBAAE0724EE763A00A3F8DA /* RecipeCell.swift */; };
/* End PBXBuildFile section */

/* Begin PBXFileReference section */
		8D062F6124EE5A2D000AE9A4 /* CategoryCell.swift */ = {isa = PBXFileReference; lastKnownFileType = sourcecode.swift; path = CategoryCell.swift; sourceTree = "<group>"; };
		8D062F6324EE614A000AE9A4 /* RecipeVC.swift */ = {isa = PBXFileReference; lastKnownFileType = sourcecode.swift; path = RecipeVC.swift; sourceTree = "<group>"; };
		8D87CDB924EEC71E00CEBE75 /* RecipeDVC.swift */ = {isa = PBXFileReference; lastKnownFileType = sourcecode.swift; path = RecipeDVC.swift; sourceTree = "<group>"; };
		8DBA3EDF24ED16F000AEF7CB /* GoodEatin.app */ = {isa = PBXFileReference; explicitFileType = wrapper.application; includeInIndex = 0; path = GoodEatin.app; sourceTree = BUILT_PRODUCTS_DIR; };
		8DBA3EE224ED16F000AEF7CB /* AppDelegate.swift */ = {isa = PBXFileReference; lastKnownFileType = sourcecode.swift; path = AppDelegate.swift; sourceTree = "<group>"; };
		8DBA3EE724ED16F000AEF7CB /* Base */ = {isa = PBXFileReference; lastKnownFileType = file.storyboard; name = Base; path = Base.lproj/Main.storyboard; sourceTree = "<group>"; };
		8DBA3EEC24ED16F300AEF7CB /* Base */ = {isa = PBXFileReference; lastKnownFileType = file.storyboard; name = Base; path = Base.lproj/LaunchScreen.storyboard; sourceTree = "<group>"; };
		8DBA3EEE24ED16F300AEF7CB /* Info.plist */ = {isa = PBXFileReference; lastKnownFileType = text.plist.xml; path = Info.plist; sourceTree = "<group>"; };
		8DBA3F3F24ED182000AEF7CB /* FoodCategory.swift */ = {isa = PBXFileReference; lastKnownFileType = sourcecode.swift; path = FoodCategory.swift; sourceTree = "<group>"; };
		8DBA3F4124ED188200AEF7CB /* Recipe.swift */ = {isa = PBXFileReference; lastKnownFileType = sourcecode.swift; path = Recipe.swift; sourceTree = "<group>"; };
		8DBA3F4324ED192000AEF7CB /* DataSet.swift */ = {isa = PBXFileReference; lastKnownFileType = sourcecode.swift; path = DataSet.swift; sourceTree = "<group>"; };
		8DBA3F4724ED1E5700AEF7CB /* Assets.xcassets */ = {isa = PBXFileReference; lastKnownFileType = folder.assetcatalog; path = Assets.xcassets; sourceTree = "<group>"; };
		8DBAAE0524EE72D900A3F8DA /* HmVC.swift */ = {isa = PBXFileReference; lastKnownFileType = sourcecode.swift; path = HmVC.swift; sourceTree = "<group>"; };
		8DBAAE0724EE763A00A3F8DA /* RecipeCell.swift */ = {isa = PBXFileReference; lastKnownFileType = sourcecode.swift; path = RecipeCell.swift; sourceTree = "<group>"; };
/* End PBXFileReference section */

/* Begin PBXFrameworksBuildPhase section */
		8DBA3EDC24ED16F000AEF7CB /* Frameworks */ = {
			isa = PBXFrameworksBuildPhase;
			buildActionMask = 2147483647;
			files = (
			);
			runOnlyForDeploymentPostprocessing = 0;
		};
/* End PBXFrameworksBuildPhase section */

/* Begin PBXGroup section */
		8DBA3ED624ED16F000AEF7CB = {
			isa = PBXGroup;
			children = (
				8DBA3EE124ED16F000AEF7CB /* GoodEatin */,
				8DBA3EE024ED16F000AEF7CB /* Products */,
			);
			sourceTree = "<group>";
		};
		8DBA3EE024ED16F000AEF7CB /* Products */ = {
			isa = PBXGroup;
			children = (
				8DBA3EDF24ED16F000AEF7CB /* GoodEatin.app */,
			);
			name = Products;
			sourceTree = "<group>";
		};
		8DBA3EE124ED16F000AEF7CB /* GoodEatin */ = {
			isa = PBXGroup;
			children = (
				8DBA3F4724ED1E5700AEF7CB /* Assets.xcassets */,
				8DBA3F3C24ED17BA00AEF7CB /* Model */,
				8DBA3F3D24ED17C300AEF7CB /* View */,
				8DBA3F3E24ED17CB00AEF7CB /* Controller */,
				8DBA3EE224ED16F000AEF7CB /* AppDelegate.swift */,
				8DBA3EE624ED16F000AEF7CB /* Main.storyboard */,
				8DBA3EEB24ED16F300AEF7CB /* LaunchScreen.storyboard */,
				8DBA3EEE24ED16F300AEF7CB /* Info.plist */,
			);
			path = GoodEatin;
			sourceTree = "<group>";
		};
		8DBA3F3C24ED17BA00AEF7CB /* Model */ = {
			isa = PBXGroup;
			children = (
				8DBA3F3F24ED182000AEF7CB /* FoodCategory.swift */,
				8DBA3F4124ED188200AEF7CB /* Recipe.swift */,
				8DBA3F4324ED192000AEF7CB /* DataSet.swift */,
			);
			path = Model;
			sourceTree = "<group>";
		};
		8DBA3F3D24ED17C300AEF7CB /* View */ = {
			isa = PBXGroup;
			children = (
				8D062F6124EE5A2D000AE9A4 /* CategoryCell.swift */,
				8DBAAE0724EE763A00A3F8DA /* RecipeCell.swift */,
			);
			path = View;
			sourceTree = "<group>";
		};
		8DBA3F3E24ED17CB00AEF7CB /* Controller */ = {
			isa = PBXGroup;
			children = (
				8D062F6324EE614A000AE9A4 /* RecipeVC.swift */,
				8DBAAE0524EE72D900A3F8DA /* HmVC.swift */,
				8D87CDB924EEC71E00CEBE75 /* RecipeDVC.swift */,
			);
			path = Controller;
			sourceTree = "<group>";
		};
/* End PBXGroup section */

/* Begin PBXNativeTarget section */
		8DBA3EDE24ED16F000AEF7CB /* GoodEatin */ = {
			isa = PBXNativeTarget;
			buildConfigurationList = 8DBA3EF124ED16F300AEF7CB /* Build configuration list for PBXNativeTarget "GoodEatin" */;
			buildPhases = (
				8DBA3EDB24ED16F000AEF7CB /* Sources */,
				8DBA3EDC24ED16F000AEF7CB /* Frameworks */,
				8DBA3EDD24ED16F000AEF7CB /* Resources */,
			);
			buildRules = (
			);
			dependencies = (
			);
			name = GoodEatin;
			productName = GoodEatin;
			productReference = 8DBA3EDF24ED16F000AEF7CB /* GoodEatin.app */;
			productType = "com.apple.product-type.application";
		};
/* End PBXNativeTarget section */

/* Begin PBXProject section */
		8DBA3ED724ED16F000AEF7CB /* Project object */ = {
			isa = PBXProject;
			attributes = {
				LastSwiftUpdateCheck = 1010;
				LastUpgradeCheck = 1010;
				ORGANIZATIONNAME = "fahad rasheed";
				TargetAttributes = {
					8DBA3EDE24ED16F000AEF7CB = {
						CreatedOnToolsVersion = 10.1;
					};
				};
			};
			buildConfigurationList = 8DBA3EDA24ED16F000AEF7CB /* Build configuration list for PBXProject "GoodEatin" */;
			compatibilityVersion = "Xcode 9.3";
			developmentRegion = en;
			hasScannedForEncodings = 0;
			knownRegions = (
				en,
				Base,
			);
			mainGroup = 8DBA3ED624ED16F000AEF7CB;
			productRefGroup = 8DBA3EE024ED16F000AEF7CB /* Products */;
			projectDirPath = "";
			projectRoot = "";
			targets = (
				8DBA3EDE24ED16F000AEF7CB /* GoodEatin */,
			);
		};
/* End PBXProject section */

/* Begin PBXResourcesBuildPhase section */
		8DBA3EDD24ED16F000AEF7CB /* Resources */ = {
			isa = PBXResourcesBuildPhase;
			buildActionMask = 2147483647;
			files = (
				8DBA3EED24ED16F300AEF7CB /* LaunchScreen.storyboard in Resources */,
				8DBA3F4824ED1E5700AEF7CB /* Assets.xcassets in Resources */,
				8DBA3EE824ED16F000AEF7CB /* Main.storyboard in Resources */,
			);
			runOnlyForDeploymentPostprocessing = 0;
		};
/* End PBXResourcesBuildPhase section */

/* Begin PBXSourcesBuildPhase section */
		8DBA3EDB24ED16F000AEF7CB /* Sources */ = {
			isa = PBXSourcesBuildPhase;
			buildActionMask = 2147483647;
			files = (
				8DBA3F4424ED192000AEF7CB /* DataSet.swift in Sources */,
				8DBA3F4224ED188200AEF7CB /* Recipe.swift in Sources */,
				8DBAAE0624EE72D900A3F8DA /* HmVC.swift in Sources */,
				8DBAAE0824EE763A00A3F8DA /* RecipeCell.swift in Sources */,
				8D062F6424EE614A000AE9A4 /* RecipeVC.swift in Sources */,
				8D87CDBA24EEC71E00CEBE75 /* RecipeDVC.swift in Sources */,
				8DBA3F4024ED182000AEF7CB /* FoodCategory.swift in Sources */,
				8DBA3EE324ED16F000AEF7CB /* AppDelegate.swift in Sources */,
				8D062F6224EE5A2D000AE9A4 /* CategoryCell.swift in Sources */,
			);
			runOnlyForDeploymentPostprocessing = 0;
		};
/* End PBXSourcesBuildPhase section */

/* Begin PBXVariantGroup section */
		8DBA3EE624ED16F000AEF7CB /* Main.storyboard */ = {
			isa = PBXVariantGroup;
			children = (
				8DBA3EE724ED16F000AEF7CB /* Base */,
			);
			name = Main.storyboard;
			sourceTree = "<group>";
		};
		8DBA3EEB24ED16F300AEF7CB /* LaunchScreen.storyboard */ = {
			isa = PBXVariantGroup;
			children = (
				8DBA3EEC24ED16F300AEF7CB /* Base */,
			);
			name = LaunchScreen.storyboard;
			sourceTree = "<group>";
		};
/* End PBXVariantGroup section */

/* Begin XCBuildConfiguration section */
		8DBA3EEF24ED16F300AEF7CB /* Debug */ = {
			isa = XCBuildConfiguration;
			buildSettings = {
				ALWAYS_SEARCH_USER_PATHS = NO;
				CLANG_ANALYZER_NONNULL = YES;
				CLANG_ANALYZER_NUMBER_OBJECT_CONVERSION = YES_AGGRESSIVE;
				CLANG_CXX_LANGUAGE_STANDARD = "gnu++14";
				CLANG_CXX_LIBRARY = "libc++";
				CLANG_ENABLE_MODULES = YES;
				CLANG_ENABLE_OBJC_ARC = YES;
				CLANG_ENABLE_OBJC_WEAK = YES;
				CLANG_WARN_BLOCK_CAPTURE_AUTORELEASING = YES;
				CLANG_WARN_BOOL_CONVERSION = YES;
				CLANG_WARN_COMMA = YES;
				CLANG_WARN_CONSTANT_CONVERSION = YES;
				CLANG_WARN_DEPRECATED_OBJC_IMPLEMENTATIONS = YES;
				CLANG_WARN_DIRECT_OBJC_ISA_USAGE = YES_ERROR;
				CLANG_WARN_DOCUMENTATION_COMMENTS = YES;
				CLANG_WARN_EMPTY_BODY = YES;
				CLANG_WARN_ENUM_CONVERSION = YES;
				CLANG_WARN_INFINITE_RECURSION = YES;
				CLANG_WARN_INT_CONVERSION = YES;
				CLANG_WARN_NON_LITERAL_NULL_CONVERSION = YES;
				CLANG_WARN_OBJC_IMPLICIT_RETAIN_SELF = YES;
				CLANG_WARN_OBJC_LITERAL_CONVERSION = YES;
				CLANG_WARN_OBJC_ROOT_CLASS = YES_ERROR;
				CLANG_WARN_RANGE_LOOP_ANALYSIS = YES;
				CLANG_WARN_STRICT_PROTOTYPES = YES;
				CLANG_WARN_SUSPICIOUS_MOVE = YES;
				CLANG_WARN_UNGUARDED_AVAILABILITY = YES_AGGRESSIVE;
				CLANG_WARN_UNREACHABLE_CODE = YES;
				CLANG_WARN__DUPLICATE_METHOD_MATCH = YES;
				CODE_SIGN_IDENTITY = "iPhone Developer";
				COPY_PHASE_STRIP = NO;
				DEBUG_INFORMATION_FORMAT = dwarf;
				ENABLE_STRICT_OBJC_MSGSEND = YES;
				ENABLE_TESTABILITY = YES;
				GCC_C_LANGUAGE_STANDARD = gnu11;
				GCC_DYNAMIC_NO_PIC = NO;
				GCC_NO_COMMON_BLOCKS = YES;
				GCC_OPTIMIZATION_LEVEL = 0;
				GCC_PREPROCESSOR_DEFINITIONS = (
					"DEBUG=1",
					"$(inherited)",
				);
				GCC_WARN_64_TO_32_BIT_CONVERSION = YES;
				GCC_WARN_ABOUT_RETURN_TYPE = YES_ERROR;
				GCC_WARN_UNDECLARED_SELECTOR = YES;
				GCC_WARN_UNINITIALIZED_AUTOS = YES_AGGRESSIVE;
				GCC_WARN_UNUSED_FUNCTION = YES;
				GCC_WARN_UNUSED_VARIABLE = YES;
				IPHONEOS_DEPLOYMENT_TARGET = 12.1;
				MTL_ENABLE_DEBUG_INFO = INCLUDE_SOURCE;
				MTL_FAST_MATH = YES;
				ONLY_ACTIVE_ARCH = YES;
				SDKROOT = iphoneos;
				SWIFT_ACTIVE_COMPILATION_CONDITIONS = DEBUG;
				SWIFT_OPTIMIZATION_LEVEL = "-Onone";
			};
			name = Debug;
		};
		8DBA3EF024ED16F300AEF7CB /* Release */ = {
			isa = XCBuildConfiguration;
			buildSettings = {
				ALWAYS_SEARCH_USER_PATHS = NO;
				CLANG_ANALYZER_NONNULL = YES;
				CLANG_ANALYZER_NUMBER_OBJECT_CONVERSION = YES_AGGRESSIVE;
				CLANG_CXX_LANGUAGE_STANDARD = "gnu++14";
				CLANG_CXX_LIBRARY = "libc++";
				CLANG_ENABLE_MODULES = YES;
				CLANG_ENABLE_OBJC_ARC = YES;
				CLANG_ENABLE_OBJC_WEAK = YES;
				CLANG_WARN_BLOCK_CAPTURE_AUTORELEASING = YES;
				CLANG_WARN_BOOL_CONVERSION = YES;
				CLANG_WARN_COMMA = YES;
				CLANG_WARN_CONSTANT_CONVERSION = YES;
				CLANG_WARN_DEPRECATED_OBJC_IMPLEMENTATIONS = YES;
				CLANG_WARN_DIRECT_OBJC_ISA_USAGE = YES_ERROR;
				CLANG_WARN_DOCUMENTATION_COMMENTS = YES;
				CLANG_WARN_EMPTY_BODY = YES;
				CLANG_WARN_ENUM_CONVERSION = YES;
				CLANG_WARN_INFINITE_RECURSION = YES;
				CLANG_WARN_INT_CONVERSION = YES;
				CLANG_WARN_NON_LITERAL_NULL_CONVERSION = YES;
				CLANG_WARN_OBJC_IMPLICIT_RETAIN_SELF = YES;
				CLANG_WARN_OBJC_LITERAL_CONVERSION = YES;
				CLANG_WARN_OBJC_ROOT_CLASS = YES_ERROR;
				CLANG_WARN_RANGE_LOOP_ANALYSIS = YES;
				CLANG_WARN_STRICT_PROTOTYPES = YES;
				CLANG_WARN_SUSPICIOUS_MOVE = YES;
				CLANG_WARN_UNGUARDED_AVAILABILITY = YES_AGGRESSIVE;
				CLANG_WARN_UNREACHABLE_CODE = YES;
				CLANG_WARN__DUPLICATE_METHOD_MATCH = YES;
				CODE_SIGN_IDENTITY = "iPhone Developer";
				COPY_PHASE_STRIP = NO;
				DEBUG_INFORMATION_FORMAT = "dwarf-with-dsym";
				ENABLE_NS_ASSERTIONS = NO;
				ENABLE_STRICT_OBJC_MSGSEND = YES;
				GCC_C_LANGUAGE_STANDARD = gnu11;
				GCC_NO_COMMON_BLOCKS = YES;
				GCC_WARN_64_TO_32_BIT_CONVERSION = YES;
				GCC_WARN_ABOUT_RETURN_TYPE = YES_ERROR;
				GCC_WARN_UNDECLARED_SELECTOR = YES;
				GCC_WARN_UNINITIALIZED_AUTOS = YES_AGGRESSIVE;
				GCC_WARN_UNUSED_FUNCTION = YES;
				GCC_WARN_UNUSED_VARIABLE = YES;
				IPHONEOS_DEPLOYMENT_TARGET = 12.1;
				MTL_ENABLE_DEBUG_INFO = NO;
				MTL_FAST_MATH = YES;
				SDKROOT = iphoneos;
				SWIFT_COMPILATION_MODE = wholemodule;
				SWIFT_OPTIMIZATION_LEVEL = "-O";
				VALIDATE_PRODUCT = YES;
			};
			name = Release;
		};
		8DBA3EF224ED16F300AEF7CB /* Debug */ = {
			isa = XCBuildConfiguration;
			buildSettings = {
				ASSETCATALOG_COMPILER_APPICON_NAME = AppIcon;
				CODE_SIGN_STYLE = Automatic;
				INFOPLIST_FILE = GoodEatin/Info.plist;
				LD_RUNPATH_SEARCH_PATHS = (
					"$(inherited)",
					"@executable_path/Frameworks",
				);
				PRODUCT_BUNDLE_IDENTIFIER = tag.GoodEatin;
				PRODUCT_NAME = "$(TARGET_NAME)";
				SWIFT_VERSION = 4.2;
				TARGETED_DEVICE_FAMILY = "1,2";
			};
			name = Debug;
		};
		8DBA3EF324ED16F300AEF7CB /* Release */ = {
			isa = XCBuildConfiguration;
			buildSettings = {
				ASSETCATALOG_COMPILER_APPICON_NAME = AppIcon;
				CODE_SIGN_STYLE = Automatic;
				INFOPLIST_FILE = GoodEatin/Info.plist;
				LD_RUNPATH_SEARCH_PATHS = (
					"$(inherited)",
					"@executable_path/Frameworks",
				);
				PRODUCT_BUNDLE_IDENTIFIER = tag.GoodEatin;
				PRODUCT_NAME = "$(TARGET_NAME)";
				SWIFT_VERSION = 4.2;
				TARGETED_DEVICE_FAMILY = "1,2";
			};
			name = Release;
		};
/* End XCBuildConfiguration section */

/* Begin XCConfigurationList section */
		8DBA3EDA24ED16F000AEF7CB /* Build configuration list for PBXProject "GoodEatin" */ = {
			isa = XCConfigurationList;
			buildConfigurations = (
				8DBA3EEF24ED16F300AEF7CB /* Debug */,
				8DBA3EF024ED16F300AEF7CB /* Release */,
			);
			defaultConfigurationIsVisible = 0;
			defaultConfigurationName = Release;
		};
		8DBA3EF124ED16F300AEF7CB /* Build configuration list for PBXNativeTarget "GoodEatin" */ = {
			isa = XCConfigurationList;
			buildConfigurations = (
				8DBA3EF224ED16F300AEF7CB /* Debug */,
				8DBA3EF324ED16F300AEF7CB /* Release */,
			);
			defaultConfigurationIsVisible = 0;
			defaultConfigurationName = Release;
		};
/* End XCConfigurationList section */
	};
	rootObject = 8DBA3ED724ED16F000AEF7CB /* Project object */;
}
